// !$*UTF8*$!
{
	archiveVersion = 1;
	classes = {
	};
	objectVersion = 55;
	objects = {

/* Begin PBXBuildFile section */
		37214BF1286219A900C188D7 /* YnFileBrowserShared in Frameworks */ = {isa = PBXBuildFile; productRef = 379B1D0728615E700065C6AD /* YnFileBrowserShared */; };
		377B0C4A285E7DFC00E89F6D /* com.notlus.YnFileBrowser.Helper in CopyFiles */ = {isa = PBXBuildFile; fileRef = 377B0C41285E7A9900E89F6D /* com.notlus.YnFileBrowser.Helper */; settings = {ATTRIBUTES = (CodeSignOnCopy, ); }; };
		379B1D0A28615E7A0065C6AD /* YnFileBrowserShared in Frameworks */ = {isa = PBXBuildFile; productRef = 379B1D0928615E7A0065C6AD /* YnFileBrowserShared */; };
		379B1D1028615EBC0065C6AD /* main.swift in Sources */ = {isa = PBXBuildFile; fileRef = 379B1D0F28615EBC0065C6AD /* main.swift */; };
		379B1D1128617A310065C6AD /* FileBrowserService.swift in Sources */ = {isa = PBXBuildFile; fileRef = 379B1D0B28615EAB0065C6AD /* FileBrowserService.swift */; };
		37D226A0285D902C00A2AC7D /* AppDelegate.swift in Sources */ = {isa = PBXBuildFile; fileRef = 37D2269F285D902C00A2AC7D /* AppDelegate.swift */; };
		37D226A4285D902C00A2AC7D /* Assets.xcassets in Resources */ = {isa = PBXBuildFile; fileRef = 37D226A3285D902C00A2AC7D /* Assets.xcassets */; };
		37D226A7285D902C00A2AC7D /* Main.storyboard in Resources */ = {isa = PBXBuildFile; fileRef = 37D226A5285D902C00A2AC7D /* Main.storyboard */; };
		37D226AF285D9E6200A2AC7D /* SplitViewController.swift in Sources */ = {isa = PBXBuildFile; fileRef = 37D226AE285D9E6200A2AC7D /* SplitViewController.swift */; };
		37F8017F285DCDC90048000B /* FilesViewController.swift in Sources */ = {isa = PBXBuildFile; fileRef = 37F8017E285DCDC90048000B /* FilesViewController.swift */; };
		37F80181285DCDE80048000B /* TableViewController.swift in Sources */ = {isa = PBXBuildFile; fileRef = 37F80180285DCDE80048000B /* TableViewController.swift */; };
/* End PBXBuildFile section */

/* Begin PBXCopyFilesBuildPhase section */
		377B0C3F285E7A9900E89F6D /* CopyFiles */ = {
			isa = PBXCopyFilesBuildPhase;
			buildActionMask = 2147483647;
			dstPath = /usr/share/man/man1/;
			dstSubfolderSpec = 0;
			files = (
			);
			runOnlyForDeploymentPostprocessing = 1;
		};
		377B0C49285E7DDA00E89F6D /* CopyFiles */ = {
			isa = PBXCopyFilesBuildPhase;
			buildActionMask = 2147483647;
			dstPath = Contents/Library/LaunchServices;
			dstSubfolderSpec = 1;
			files = (
				377B0C4A285E7DFC00E89F6D /* com.notlus.YnFileBrowser.Helper in CopyFiles */,
			);
			runOnlyForDeploymentPostprocessing = 0;
		};
/* End PBXCopyFilesBuildPhase section */

/* Begin PBXFileReference section */
		377B0C39285E727F00E89F6D /* Info.plist */ = {isa = PBXFileReference; lastKnownFileType = text.plist.xml; path = Info.plist; sourceTree = "<group>"; };
		377B0C41285E7A9900E89F6D /* com.notlus.YnFileBrowser.Helper */ = {isa = PBXFileReference; explicitFileType = "compiled.mach-o.executable"; includeInIndex = 0; path = com.notlus.YnFileBrowser.Helper; sourceTree = BUILT_PRODUCTS_DIR; };
		377B0C48285E7BC000E89F6D /* YnFileBrowser.xcconfig */ = {isa = PBXFileReference; lastKnownFileType = text.xcconfig; path = YnFileBrowser.xcconfig; sourceTree = "<group>"; };
		379B1CFA285E82CA0065C6AD /* Info.plist */ = {isa = PBXFileReference; lastKnownFileType = text.plist.xml; path = Info.plist; sourceTree = "<group>"; };
		379B1CFB285EAEC20065C6AD /* YnHelper.xcconfig */ = {isa = PBXFileReference; lastKnownFileType = text.xcconfig; path = YnHelper.xcconfig; sourceTree = "<group>"; };
		379B1CFC285EB2230065C6AD /* com.notlus.YnFileBrowser.Helper.plist */ = {isa = PBXFileReference; lastKnownFileType = text.plist.xml; path = com.notlus.YnFileBrowser.Helper.plist; sourceTree = "<group>"; };
		379B1D0528615E4C0065C6AD /* YnFileBrowserShared */ = {isa = PBXFileReference; lastKnownFileType = wrapper; path = YnFileBrowserShared; sourceTree = "<group>"; };
		379B1D0B28615EAB0065C6AD /* FileBrowserService.swift */ = {isa = PBXFileReference; fileEncoding = 4; lastKnownFileType = sourcecode.swift; path = FileBrowserService.swift; sourceTree = "<group>"; };
		379B1D0F28615EBC0065C6AD /* main.swift */ = {isa = PBXFileReference; fileEncoding = 4; lastKnownFileType = sourcecode.swift; path = main.swift; sourceTree = "<group>"; };
		37D2269C285D902C00A2AC7D /* YnFileBrowser.app */ = {isa = PBXFileReference; explicitFileType = wrapper.application; includeInIndex = 0; path = YnFileBrowser.app; sourceTree = BUILT_PRODUCTS_DIR; };
		37D2269F285D902C00A2AC7D /* AppDelegate.swift */ = {isa = PBXFileReference; lastKnownFileType = sourcecode.swift; path = AppDelegate.swift; sourceTree = "<group>"; };
		37D226A3285D902C00A2AC7D /* Assets.xcassets */ = {isa = PBXFileReference; lastKnownFileType = folder.assetcatalog; path = Assets.xcassets; sourceTree = "<group>"; };
		37D226A6285D902C00A2AC7D /* Base */ = {isa = PBXFileReference; lastKnownFileType = file.storyboard; name = Base; path = Base.lproj/Main.storyboard; sourceTree = "<group>"; };
		37D226A8285D902C00A2AC7D /* YnFileBrowser.entitlements */ = {isa = PBXFileReference; lastKnownFileType = text.plist.entitlements; path = YnFileBrowser.entitlements; sourceTree = "<group>"; };
		37D226AE285D9E6200A2AC7D /* SplitViewController.swift */ = {isa = PBXFileReference; lastKnownFileType = sourcecode.swift; path = SplitViewController.swift; sourceTree = "<group>"; };
		37F8017E285DCDC90048000B /* FilesViewController.swift */ = {isa = PBXFileReference; lastKnownFileType = sourcecode.swift; path = FilesViewController.swift; sourceTree = "<group>"; };
		37F80180285DCDE80048000B /* TableViewController.swift */ = {isa = PBXFileReference; lastKnownFileType = sourcecode.swift; path = TableViewController.swift; sourceTree = "<group>"; };
/* End PBXFileReference section */

/* Begin PBXFrameworksBuildPhase section */
		377B0C3E285E7A9900E89F6D /* Frameworks */ = {
			isa = PBXFrameworksBuildPhase;
			buildActionMask = 2147483647;
			files = (
				37214BF1286219A900C188D7 /* YnFileBrowserShared in Frameworks */,
			);
			runOnlyForDeploymentPostprocessing = 0;
		};
		37D22699285D902C00A2AC7D /* Frameworks */ = {
			isa = PBXFrameworksBuildPhase;
			buildActionMask = 2147483647;
			files = (
				379B1D0A28615E7A0065C6AD /* YnFileBrowserShared in Frameworks */,
			);
			runOnlyForDeploymentPostprocessing = 0;
		};
/* End PBXFrameworksBuildPhase section */

/* Begin PBXGroup section */
		377B0C42285E7A9900E89F6D /* YnFileBrowserHelperTool */ = {
			isa = PBXGroup;
			children = (
				379B1D0B28615EAB0065C6AD /* FileBrowserService.swift */,
				379B1CFB285EAEC20065C6AD /* YnHelper.xcconfig */,
				379B1CFC285EB2230065C6AD /* com.notlus.YnFileBrowser.Helper.plist */,
				377B0C39285E727F00E89F6D /* Info.plist */,
				379B1D0F28615EBC0065C6AD /* main.swift */,
			);
			path = YnFileBrowserHelperTool;
			sourceTree = "<group>";
		};
		379B1D0628615E700065C6AD /* Frameworks */ = {
			isa = PBXGroup;
			children = (
			);
			name = Frameworks;
			sourceTree = "<group>";
		};
		37D22693285D902C00A2AC7D = {
			isa = PBXGroup;
			children = (
				379B1D0528615E4C0065C6AD /* YnFileBrowserShared */,
				377B0C48285E7BC000E89F6D /* YnFileBrowser.xcconfig */,
				37D2269E285D902C00A2AC7D /* YnFileBrowser */,
				377B0C42285E7A9900E89F6D /* YnFileBrowserHelperTool */,
				37D2269D285D902C00A2AC7D /* Products */,
				379B1D0628615E700065C6AD /* Frameworks */,
			);
			sourceTree = "<group>";
		};
		37D2269D285D902C00A2AC7D /* Products */ = {
			isa = PBXGroup;
			children = (
				37D2269C285D902C00A2AC7D /* YnFileBrowser.app */,
				377B0C41285E7A9900E89F6D /* com.notlus.YnFileBrowser.Helper */,
			);
			name = Products;
			sourceTree = "<group>";
		};
		37D2269E285D902C00A2AC7D /* YnFileBrowser */ = {
			isa = PBXGroup;
			children = (
				379B1CFA285E82CA0065C6AD /* Info.plist */,
				37D2269F285D902C00A2AC7D /* AppDelegate.swift */,
				37D226A3285D902C00A2AC7D /* Assets.xcassets */,
				37D226A5285D902C00A2AC7D /* Main.storyboard */,
				37F8017E285DCDC90048000B /* FilesViewController.swift */,
				37F80180285DCDE80048000B /* TableViewController.swift */,
				37D226A8285D902C00A2AC7D /* YnFileBrowser.entitlements */,
				37D226AE285D9E6200A2AC7D /* SplitViewController.swift */,
			);
			path = YnFileBrowser;
			sourceTree = "<group>";
		};
/* End PBXGroup section */

/* Begin PBXNativeTarget section */
		377B0C40285E7A9900E89F6D /* YnFileBrowserHelperTool */ = {
			isa = PBXNativeTarget;
			buildConfigurationList = 377B0C45285E7A9900E89F6D /* Build configuration list for PBXNativeTarget "YnFileBrowserHelperTool" */;
			buildPhases = (
				377B0C3D285E7A9900E89F6D /* Sources */,
				377B0C3E285E7A9900E89F6D /* Frameworks */,
				377B0C3F285E7A9900E89F6D /* CopyFiles */,
			);
			buildRules = (
			);
			dependencies = (
			);
			name = YnFileBrowserHelperTool;
			packageProductDependencies = (
				379B1D0728615E700065C6AD /* YnFileBrowserShared */,
			);
			productName = YnFileBrowser.Helper;
			productReference = 377B0C41285E7A9900E89F6D /* com.notlus.YnFileBrowser.Helper */;
			productType = "com.apple.product-type.tool";
		};
		37D2269B285D902C00A2AC7D /* YnFileBrowser */ = {
			isa = PBXNativeTarget;
			buildConfigurationList = 37D226AB285D902C00A2AC7D /* Build configuration list for PBXNativeTarget "YnFileBrowser" */;
			buildPhases = (
				37D22698285D902C00A2AC7D /* Sources */,
				37D22699285D902C00A2AC7D /* Frameworks */,
				37D2269A285D902C00A2AC7D /* Resources */,
				377B0C49285E7DDA00E89F6D /* CopyFiles */,
			);
			buildRules = (
			);
			dependencies = (
			);
			name = YnFileBrowser;
			packageProductDependencies = (
				379B1D0928615E7A0065C6AD /* YnFileBrowserShared */,
			);
			productName = YnFileBrowser;
			productReference = 37D2269C285D902C00A2AC7D /* YnFileBrowser.app */;
			productType = "com.apple.product-type.application";
		};
/* End PBXNativeTarget section */

/* Begin PBXProject section */
		37D22694285D902C00A2AC7D /* Project object */ = {
			isa = PBXProject;
			attributes = {
				BuildIndependentTargetsInParallel = 1;
				LastSwiftUpdateCheck = 1400;
				LastUpgradeCheck = 1400;
				TargetAttributes = {
					377B0C40285E7A9900E89F6D = {
						CreatedOnToolsVersion = 14.0;
					};
				};
			};
			buildConfigurationList = 37D22697285D902C00A2AC7D /* Build configuration list for PBXProject "YnFileBrowser" */;
			compatibilityVersion = "Xcode 13.0";
			developmentRegion = en;
			hasScannedForEncodings = 0;
			knownRegions = (
				en,
				Base,
			);
			mainGroup = 37D22693285D902C00A2AC7D;
			productRefGroup = 37D2269D285D902C00A2AC7D /* Products */;
			projectDirPath = "";
			projectRoot = "";
			targets = (
				37D2269B285D902C00A2AC7D /* YnFileBrowser */,
				377B0C40285E7A9900E89F6D /* YnFileBrowserHelperTool */,
			);
		};
/* End PBXProject section */

/* Begin PBXResourcesBuildPhase section */
		37D2269A285D902C00A2AC7D /* Resources */ = {
			isa = PBXResourcesBuildPhase;
			buildActionMask = 2147483647;
			files = (
				37D226A4285D902C00A2AC7D /* Assets.xcassets in Resources */,
				37D226A7285D902C00A2AC7D /* Main.storyboard in Resources */,
			);
			runOnlyForDeploymentPostprocessing = 0;
		};
/* End PBXResourcesBuildPhase section */

/* Begin PBXSourcesBuildPhase section */
		377B0C3D285E7A9900E89F6D /* Sources */ = {
			isa = PBXSourcesBuildPhase;
			buildActionMask = 2147483647;
			files = (
				379B1D1128617A310065C6AD /* FileBrowserService.swift in Sources */,
				379B1D1028615EBC0065C6AD /* main.swift in Sources */,
			);
			runOnlyForDeploymentPostprocessing = 0;
		};
		37D22698285D902C00A2AC7D /* Sources */ = {
			isa = PBXSourcesBuildPhase;
			buildActionMask = 2147483647;
			files = (
				37F80181285DCDE80048000B /* TableViewController.swift in Sources */,
				37D226A0285D902C00A2AC7D /* AppDelegate.swift in Sources */,
				37F8017F285DCDC90048000B /* FilesViewController.swift in Sources */,
				37D226AF285D9E6200A2AC7D /* SplitViewController.swift in Sources */,
			);
			runOnlyForDeploymentPostprocessing = 0;
		};
/* End PBXSourcesBuildPhase section */

/* Begin PBXVariantGroup section */
		37D226A5285D902C00A2AC7D /* Main.storyboard */ = {
			isa = PBXVariantGroup;
			children = (
				37D226A6285D902C00A2AC7D /* Base */,
			);
			name = Main.storyboard;
			sourceTree = "<group>";
		};
/* End PBXVariantGroup section */

/* Begin XCBuildConfiguration section */
		377B0C46285E7A9900E89F6D /* Debug */ = {
			isa = XCBuildConfiguration;
			baseConfigurationReference = 379B1CFB285EAEC20065C6AD /* YnHelper.xcconfig */;
			buildSettings = {
				CODE_SIGN_STYLE = Automatic;
				DEVELOPMENT_TEAM = Q3VLQUJKF5;
				ENABLE_HARDENED_RUNTIME = YES;
				INFOPLIST_FILE = "$(SRCROOT)/YnFileBrowserHelperTool/Info.plist";
				PRODUCT_BUNDLE_IDENTIFIER = com.notlus.YnFileBrowser.Helper;
				PRODUCT_NAME = "$(HELPER_BUNDLE_IDENTIFIER)";
				SWIFT_VERSION = 5.0;
			};
			name = Debug;
		};
		377B0C47285E7A9900E89F6D /* Release */ = {
			isa = XCBuildConfiguration;
			baseConfigurationReference = 377B0C48285E7BC000E89F6D /* YnFileBrowser.xcconfig */;
			buildSettings = {
				CODE_SIGN_STYLE = Automatic;
				DEVELOPMENT_TEAM = Q3VLQUJKF5;
				ENABLE_HARDENED_RUNTIME = YES;
				INFOPLIST_FILE = "$(SRCROOT)/YnFileBrowserHelperTool/Info.plist";
				PRODUCT_BUNDLE_IDENTIFIER = com.notlus.YnFileBrowser.Helper;
				PRODUCT_NAME = "$(HELPER_BUNDLE_IDENTIFIER)";
				SWIFT_VERSION = 5.0;
			};
			name = Release;
		};
		37D226A9285D902C00A2AC7D /* Debug */ = {
			isa = XCBuildConfiguration;
			baseConfigurationReference = 377B0C48285E7BC000E89F6D /* YnFileBrowser.xcconfig */;
			buildSettings = {
				ALWAYS_SEARCH_USER_PATHS = NO;
				CLANG_ANALYZER_NONNULL = YES;
				CLANG_ANALYZER_NUMBER_OBJECT_CONVERSION = YES_AGGRESSIVE;
				CLANG_CXX_LANGUAGE_STANDARD = "gnu++17";
				CLANG_ENABLE_MODULES = YES;
				CLANG_ENABLE_OBJC_ARC = YES;
				CLANG_ENABLE_OBJC_WEAK = YES;
				CLANG_WARN_BLOCK_CAPTURE_AUTORELEASING = YES;
				CLANG_WARN_BOOL_CONVERSION = YES;
				CLANG_WARN_COMMA = YES;
				CLANG_WARN_CONSTANT_CONVERSION = YES;
				CLANG_WARN_DEPRECATED_OBJC_IMPLEMENTATIONS = YES;
				CLANG_WARN_DIRECT_OBJC_ISA_USAGE = YES_ERROR;
				CLANG_WARN_DOCUMENTATION_COMMENTS = YES;
				CLANG_WARN_EMPTY_BODY = YES;
				CLANG_WARN_ENUM_CONVERSION = YES;
				CLANG_WARN_INFINITE_RECURSION = YES;
				CLANG_WARN_INT_CONVERSION = YES;
				CLANG_WARN_NON_LITERAL_NULL_CONVERSION = YES;
				CLANG_WARN_OBJC_IMPLICIT_RETAIN_SELF = YES;
				CLANG_WARN_OBJC_LITERAL_CONVERSION = YES;
				CLANG_WARN_OBJC_ROOT_CLASS = YES_ERROR;
				CLANG_WARN_QUOTED_INCLUDE_IN_FRAMEWORK_HEADER = YES;
				CLANG_WARN_RANGE_LOOP_ANALYSIS = YES;
				CLANG_WARN_STRICT_PROTOTYPES = YES;
				CLANG_WARN_SUSPICIOUS_MOVE = YES;
				CLANG_WARN_UNGUARDED_AVAILABILITY = YES_AGGRESSIVE;
				CLANG_WARN_UNREACHABLE_CODE = YES;
				CLANG_WARN__DUPLICATE_METHOD_MATCH = YES;
				COPY_PHASE_STRIP = NO;
				DEBUG_INFORMATION_FORMAT = dwarf;
				ENABLE_STRICT_OBJC_MSGSEND = YES;
				ENABLE_TESTABILITY = YES;
				GCC_C_LANGUAGE_STANDARD = gnu11;
				GCC_DYNAMIC_NO_PIC = NO;
				GCC_NO_COMMON_BLOCKS = YES;
				GCC_OPTIMIZATION_LEVEL = 0;
				GCC_PREPROCESSOR_DEFINITIONS = (
					"DEBUG=1",
					"$(inherited)",
				);
				GCC_WARN_64_TO_32_BIT_CONVERSION = YES;
				GCC_WARN_ABOUT_RETURN_TYPE = YES_ERROR;
				GCC_WARN_UNDECLARED_SELECTOR = YES;
				GCC_WARN_UNINITIALIZED_AUTOS = YES_AGGRESSIVE;
				GCC_WARN_UNUSED_FUNCTION = YES;
				GCC_WARN_UNUSED_VARIABLE = YES;
				MACOSX_DEPLOYMENT_TARGET = 10.14;
				MTL_ENABLE_DEBUG_INFO = INCLUDE_SOURCE;
				MTL_FAST_MATH = YES;
				ONLY_ACTIVE_ARCH = YES;
				SDKROOT = macosx;
				SWIFT_ACTIVE_COMPILATION_CONDITIONS = DEBUG;
				SWIFT_OPTIMIZATION_LEVEL = "-Onone";
			};
			name = Debug;
		};
		37D226AA285D902C00A2AC7D /* Release */ = {
			isa = XCBuildConfiguration;
			baseConfigurationReference = 377B0C48285E7BC000E89F6D /* YnFileBrowser.xcconfig */;
			buildSettings = {
				ALWAYS_SEARCH_USER_PATHS = NO;
				CLANG_ANALYZER_NONNULL = YES;
				CLANG_ANALYZER_NUMBER_OBJECT_CONVERSION = YES_AGGRESSIVE;
				CLANG_CXX_LANGUAGE_STANDARD = "gnu++17";
				CLANG_ENABLE_MODULES = YES;
				CLANG_ENABLE_OBJC_ARC = YES;
				CLANG_ENABLE_OBJC_WEAK = YES;
				CLANG_WARN_BLOCK_CAPTURE_AUTORELEASING = YES;
				CLANG_WARN_BOOL_CONVERSION = YES;
				CLANG_WARN_COMMA = YES;
				CLANG_WARN_CONSTANT_CONVERSION = YES;
				CLANG_WARN_DEPRECATED_OBJC_IMPLEMENTATIONS = YES;
				CLANG_WARN_DIRECT_OBJC_ISA_USAGE = YES_ERROR;
				CLANG_WARN_DOCUMENTATION_COMMENTS = YES;
				CLANG_WARN_EMPTY_BODY = YES;
				CLANG_WARN_ENUM_CONVERSION = YES;
				CLANG_WARN_INFINITE_RECURSION = YES;
				CLANG_WARN_INT_CONVERSION = YES;
				CLANG_WARN_NON_LITERAL_NULL_CONVERSION = YES;
				CLANG_WARN_OBJC_IMPLICIT_RETAIN_SELF = YES;
				CLANG_WARN_OBJC_LITERAL_CONVERSION = YES;
				CLANG_WARN_OBJC_ROOT_CLASS = YES_ERROR;
				CLANG_WARN_QUOTED_INCLUDE_IN_FRAMEWORK_HEADER = YES;
				CLANG_WARN_RANGE_LOOP_ANALYSIS = YES;
				CLANG_WARN_STRICT_PROTOTYPES = YES;
				CLANG_WARN_SUSPICIOUS_MOVE = YES;
				CLANG_WARN_UNGUARDED_AVAILABILITY = YES_AGGRESSIVE;
				CLANG_WARN_UNREACHABLE_CODE = YES;
				CLANG_WARN__DUPLICATE_METHOD_MATCH = YES;
				COPY_PHASE_STRIP = NO;
				DEBUG_INFORMATION_FORMAT = "dwarf-with-dsym";
				ENABLE_NS_ASSERTIONS = NO;
				ENABLE_STRICT_OBJC_MSGSEND = YES;
				GCC_C_LANGUAGE_STANDARD = gnu11;
				GCC_NO_COMMON_BLOCKS = YES;
				GCC_WARN_64_TO_32_BIT_CONVERSION = YES;
				GCC_WARN_ABOUT_RETURN_TYPE = YES_ERROR;
				GCC_WARN_UNDECLARED_SELECTOR = YES;
				GCC_WARN_UNINITIALIZED_AUTOS = YES_AGGRESSIVE;
				GCC_WARN_UNUSED_FUNCTION = YES;
				GCC_WARN_UNUSED_VARIABLE = YES;
				MACOSX_DEPLOYMENT_TARGET = 10.14;
				MTL_ENABLE_DEBUG_INFO = NO;
				MTL_FAST_MATH = YES;
				SDKROOT = macosx;
				SWIFT_COMPILATION_MODE = wholemodule;
				SWIFT_OPTIMIZATION_LEVEL = "-O";
			};
			name = Release;
		};
		37D226AC285D902C00A2AC7D /* Debug */ = {
			isa = XCBuildConfiguration;
			baseConfigurationReference = 377B0C48285E7BC000E89F6D /* YnFileBrowser.xcconfig */;
			buildSettings = {
				ASSETCATALOG_COMPILER_APPICON_NAME = AppIcon;
				ASSETCATALOG_COMPILER_GLOBAL_ACCENT_COLOR_NAME = AccentColor;
				CODE_SIGN_ENTITLEMENTS = YnFileBrowser/YnFileBrowser.entitlements;
				CODE_SIGN_STYLE = Automatic;
				COMBINE_HIDPI_IMAGES = YES;
				CURRENT_PROJECT_VERSION = 1;
				DEVELOPMENT_TEAM = Q3VLQUJKF5;
				ENABLE_HARDENED_RUNTIME = YES;
				GENERATE_INFOPLIST_FILE = YES;
				INFOPLIST_FILE = YnFileBrowser/Info.plist;
				INFOPLIST_KEY_NSHumanReadableCopyright = "";
				INFOPLIST_KEY_NSMainStoryboardFile = Main;
				INFOPLIST_KEY_NSPrincipalClass = NSApplication;
				LD_RUNPATH_SEARCH_PATHS = (
					"$(inherited)",
					"@executable_path/../Frameworks",
				);
				MARKETING_VERSION = 1.0;
				PRODUCT_BUNDLE_IDENTIFIER = com.notlus.YnFileBrowser;
				PRODUCT_NAME = "$(TARGET_NAME)";
				SWIFT_EMIT_LOC_STRINGS = YES;
				SWIFT_VERSION = 5.0;
			};
			name = Debug;
		};
		37D226AD285D902C00A2AC7D /* Release */ = {
			isa = XCBuildConfiguration;
			baseConfigurationReference = 377B0C48285E7BC000E89F6D /* YnFileBrowser.xcconfig */;
			buildSettings = {
				ASSETCATALOG_COMPILER_APPICON_NAME = AppIcon;
				ASSETCATALOG_COMPILER_GLOBAL_ACCENT_COLOR_NAME = AccentColor;
				CODE_SIGN_ENTITLEMENTS = YnFileBrowser/YnFileBrowser.entitlements;
				CODE_SIGN_STYLE = Automatic;
				COMBINE_HIDPI_IMAGES = YES;
				CURRENT_PROJECT_VERSION = 1;
				DEVELOPMENT_TEAM = Q3VLQUJKF5;
				ENABLE_HARDENED_RUNTIME = YES;
				GENERATE_INFOPLIST_FILE = YES;
				INFOPLIST_FILE = YnFileBrowser/Info.plist;
				INFOPLIST_KEY_NSHumanReadableCopyright = "";
				INFOPLIST_KEY_NSMainStoryboardFile = Main;
				INFOPLIST_KEY_NSPrincipalClass = NSApplication;
				LD_RUNPATH_SEARCH_PATHS = (
					"$(inherited)",
					"@executable_path/../Frameworks",
				);
				MARKETING_VERSION = 1.0;
				PRODUCT_BUNDLE_IDENTIFIER = com.notlus.YnFileBrowser;
				PRODUCT_NAME = "$(TARGET_NAME)";
				SWIFT_EMIT_LOC_STRINGS = YES;
				SWIFT_VERSION = 5.0;
			};
			name = Release;
		};
/* End XCBuildConfiguration section */

/* Begin XCConfigurationList section */
		377B0C45285E7A9900E89F6D /* Build configuration list for PBXNativeTarget "YnFileBrowserHelperTool" */ = {
			isa = XCConfigurationList;
			buildConfigurations = (
				377B0C46285E7A9900E89F6D /* Debug */,
				377B0C47285E7A9900E89F6D /* Release */,
			);
			defaultConfigurationIsVisible = 0;
			defaultConfigurationName = Release;
		};
		37D22697285D902C00A2AC7D /* Build configuration list for PBXProject "YnFileBrowser" */ = {
			isa = XCConfigurationList;
			buildConfigurations = (
				37D226A9285D902C00A2AC7D /* Debug */,
				37D226AA285D902C00A2AC7D /* Release */,
			);
			defaultConfigurationIsVisible = 0;
			defaultConfigurationName = Release;
		};
		37D226AB285D902C00A2AC7D /* Build configuration list for PBXNativeTarget "YnFileBrowser" */ = {
			isa = XCConfigurationList;
			buildConfigurations = (
				37D226AC285D902C00A2AC7D /* Debug */,
				37D226AD285D902C00A2AC7D /* Release */,
			);
			defaultConfigurationIsVisible = 0;
			defaultConfigurationName = Release;
		};
/* End XCConfigurationList section */

/* Begin XCSwiftPackageProductDependency section */
		379B1D0728615E700065C6AD /* YnFileBrowserShared */ = {
			isa = XCSwiftPackageProductDependency;
			productName = YnFileBrowserShared;
		};
		379B1D0928615E7A0065C6AD /* YnFileBrowserShared */ = {
			isa = XCSwiftPackageProductDependency;
			productName = YnFileBrowserShared;
		};
/* End XCSwiftPackageProductDependency section */
	};
	rootObject = 37D22694285D902C00A2AC7D /* Project object */;
}
